# This file is automatically @generated by Cargo.
# It is not intended for manual editing.
version = 4

[[package]]
name = "pavia-axum"
version = "0.1.0-alpha.0"

[[package]]
name = "pavia-cli"
version = "0.1.0-alpha.0"

[[package]]
name = "pavia-client"
version = "0.1.0-alpha.0"

[[package]]
name = "pavia-codegen"
version = "0.1.0-alpha.0"

[[package]]
name = "pavia-contract"
version = "0.1.0-alpha.0"

[[package]]
name = "pavia-contract-derive"
version = "0.1.0-alpha.0"

[[package]]
name = "pavia-proto"
version = "0.1.0-alpha.0"

[[package]]
name = "pavia-server"
version = "0.1.0-alpha.0"

[[package]]
name = "pavia-webtransport"
version = "0.1.0-alpha.0"
